// !$*UTF8*$!
{
	archiveVersion = 1;
	classes = {
	};
	objectVersion = 46;
	objects = {

/* Begin PBXBuildFile section */
		049303A21F7E2EB200FC8A26 /* AppDelegate.swift in Sources */ = {isa = PBXBuildFile; fileRef = 049303A11F7E2EB200FC8A26 /* AppDelegate.swift */; };
		049303A41F7E2EB200FC8A26 /* ViewController.swift in Sources */ = {isa = PBXBuildFile; fileRef = 049303A31F7E2EB200FC8A26 /* ViewController.swift */; };
		049303A71F7E2EB200FC8A26 /* Main.storyboard in Resources */ = {isa = PBXBuildFile; fileRef = 049303A51F7E2EB200FC8A26 /* Main.storyboard */; };
		049303A91F7E2EB200FC8A26 /* Assets.xcassets in Resources */ = {isa = PBXBuildFile; fileRef = 049303A81F7E2EB200FC8A26 /* Assets.xcassets */; };
		049303AC1F7E2EB200FC8A26 /* LaunchScreen.storyboard in Resources */ = {isa = PBXBuildFile; fileRef = 049303AA1F7E2EB200FC8A26 /* LaunchScreen.storyboard */; };
/* End PBXBuildFile section */

/* Begin PBXFileReference section */
		0493039E1F7E2EB200FC8A26 /* samplePushNotification.app */ = {isa = PBXFileReference; explicitFileType = wrapper.application; includeInIndex = 0; path = samplePushNotification.app; sourceTree = BUILT_PRODUCTS_DIR; };
		049303A11F7E2EB200FC8A26 /* AppDelegate.swift */ = {isa = PBXFileReference; lastKnownFileType = sourcecode.swift; path = AppDelegate.swift; sourceTree = "<group>"; };
		049303A31F7E2EB200FC8A26 /* ViewController.swift */ = {isa = PBXFileReference; lastKnownFileType = sourcecode.swift; path = ViewController.swift; sourceTree = "<group>"; };
		049303A61F7E2EB200FC8A26 /* Base */ = {isa = PBXFileReference; lastKnownFileType = file.storyboard; name = Base; path = Base.lproj/Main.storyboard; sourceTree = "<group>"; };
		049303A81F7E2EB200FC8A26 /* Assets.xcassets */ = {isa = PBXFileReference; lastKnownFileType = folder.assetcatalog; path = Assets.xcassets; sourceTree = "<group>"; };
		049303AB1F7E2EB200FC8A26 /* Base */ = {isa = PBXFileReference; lastKnownFileType = file.storyboard; name = Base; path = Base.lproj/LaunchScreen.storyboard; sourceTree = "<group>"; };
		049303AD1F7E2EB200FC8A26 /* Info.plist */ = {isa = PBXFileReference; lastKnownFileType = text.plist.xml; path = Info.plist; sourceTree = "<group>"; };
/* End PBXFileReference section */

/* Begin PBXFrameworksBuildPhase section */
		0493039B1F7E2EB200FC8A26 /* Frameworks */ = {
			isa = PBXFrameworksBuildPhase;
			buildActionMask = 2147483647;
			files = (
			);
			runOnlyForDeploymentPostprocessing = 0;
		};
/* End PBXFrameworksBuildPhase section */

/* Begin PBXGroup section */
		049303951F7E2EB200FC8A26 = {
			isa = PBXGroup;
			children = (
				049303A01F7E2EB200FC8A26 /* samplePushNotification */,
				0493039F1F7E2EB200FC8A26 /* Products */,
			);
			sourceTree = "<group>";
		};
		0493039F1F7E2EB200FC8A26 /* Products */ = {
			isa = PBXGroup;
			children = (
				0493039E1F7E2EB200FC8A26 /* samplePushNotification.app */,
			);
			name = Products;
			sourceTree = "<group>";
		};
		049303A01F7E2EB200FC8A26 /* samplePushNotification */ = {
			isa = PBXGroup;
			children = (
				049303A11F7E2EB200FC8A26 /* AppDelegate.swift */,
				049303A31F7E2EB200FC8A26 /* ViewController.swift */,
				049303A51F7E2EB200FC8A26 /* Main.storyboard */,
				049303A81F7E2EB200FC8A26 /* Assets.xcassets */,
				049303AA1F7E2EB200FC8A26 /* LaunchScreen.storyboard */,
				049303AD1F7E2EB200FC8A26 /* Info.plist */,
			);
			path = samplePushNotification;
			sourceTree = "<group>";
		};
/* End PBXGroup section */

/* Begin PBXNativeTarget section */
		0493039D1F7E2EB200FC8A26 /* samplePushNotification */ = {
			isa = PBXNativeTarget;
			buildConfigurationList = 049303B01F7E2EB200FC8A26 /* Build configuration list for PBXNativeTarget "samplePushNotification" */;
			buildPhases = (
				0493039A1F7E2EB200FC8A26 /* Sources */,
				0493039B1F7E2EB200FC8A26 /* Frameworks */,
				0493039C1F7E2EB200FC8A26 /* Resources */,
			);
			buildRules = (
			);
			dependencies = (
			);
			name = samplePushNotification;
			productName = samplePushNotification;
			productReference = 0493039E1F7E2EB200FC8A26 /* samplePushNotification.app */;
			productType = "com.apple.product-type.application";
		};
/* End PBXNativeTarget section */

/* Begin PBXProject section */
		049303961F7E2EB200FC8A26 /* Project object */ = {
			isa = PBXProject;
			attributes = {
				LastSwiftUpdateCheck = 0830;
				LastUpgradeCheck = 0830;
				ORGANIZATIONNAME = f.R;
				TargetAttributes = {
					0493039D1F7E2EB200FC8A26 = {
						CreatedOnToolsVersion = 8.3.3;
						DevelopmentTeam = TCXDV82S97;
						ProvisioningStyle = Automatic;
					};
				};
			};
			buildConfigurationList = 049303991F7E2EB200FC8A26 /* Build configuration list for PBXProject "samplePushNotification" */;
			compatibilityVersion = "Xcode 3.2";
			developmentRegion = English;
			hasScannedForEncodings = 0;
			knownRegions = (
				en,
				Base,
			);
			mainGroup = 049303951F7E2EB200FC8A26;
			productRefGroup = 0493039F1F7E2EB200FC8A26 /* Products */;
			projectDirPath = "";
			projectRoot = "";
			targets = (
				0493039D1F7E2EB200FC8A26 /* samplePushNotification */,
			);
		};
/* End PBXProject section */

/* Begin PBXResourcesBuildPhase section */
		0493039C1F7E2EB200FC8A26 /* Resources */ = {
			isa = PBXResourcesBuildPhase;
			buildActionMask = 2147483647;
			files = (
				049303AC1F7E2EB200FC8A26 /* LaunchScreen.storyboard in Resources */,
				049303A91F7E2EB200FC8A26 /* Assets.xcassets in Resources */,
				049303A71F7E2EB200FC8A26 /* Main.storyboard in Resources */,
			);
			runOnlyForDeploymentPostprocessing = 0;
		};
/* End PBXResourcesBuildPhase section */

/* Begin PBXSourcesBuildPhase section */
		0493039A1F7E2EB200FC8A26 /* Sources */ = {
			isa = PBXSourcesBuildPhase;
			buildActionMask = 2147483647;
			files = (
				049303A41F7E2EB200FC8A26 /* ViewController.swift in Sources */,
				049303A21F7E2EB200FC8A26 /* AppDelegate.swift in Sources */,
			);
			runOnlyForDeploymentPostprocessing = 0;
		};
/* End PBXSourcesBuildPhase section */

/* Begin PBXVariantGroup section */
		049303A51F7E2EB200FC8A26 /* Main.storyboard */ = {
			isa = PBXVariantGroup;
			children = (
				049303A61F7E2EB200FC8A26 /* Base */,
			);
			name = Main.storyboard;
			sourceTree = "<group>";
		};
		049303AA1F7E2EB200FC8A26 /* LaunchScreen.storyboard */ = {
			isa = PBXVariantGroup;
			children = (
				049303AB1F7E2EB200FC8A26 /* Base */,
			);
			name = LaunchScreen.storyboard;
			sourceTree = "<group>";
		};
/* End PBXVariantGroup section */

/* Begin XCBuildConfiguration section */
		049303AE1F7E2EB200FC8A26 /* Debug */ = {
			isa = XCBuildConfiguration;
			buildSettings = {
				ALWAYS_SEARCH_USER_PATHS = NO;
				CLANG_ANALYZER_NONNULL = YES;
				CLANG_ANALYZER_NUMBER_OBJECT_CONVERSION = YES_AGGRESSIVE;
				CLANG_CXX_LANGUAGE_STANDARD = "gnu++0x";
				CLANG_CXX_LIBRARY = "libc++";
				CLANG_ENABLE_MODULES = YES;
				CLANG_ENABLE_OBJC_ARC = YES;
				CLANG_WARN_BOOL_CONVERSION = YES;
				CLANG_WARN_CONSTANT_CONVERSION = YES;
				CLANG_WARN_DIRECT_OBJC_ISA_USAGE = YES_ERROR;
				CLANG_WARN_DOCUMENTATION_COMMENTS = YES;
				CLANG_WARN_EMPTY_BODY = YES;
				CLANG_WARN_ENUM_CONVERSION = YES;
				CLANG_WARN_INFINITE_RECURSION = YES;
				CLANG_WARN_INT_CONVERSION = YES;
				CLANG_WARN_OBJC_ROOT_CLASS = YES_ERROR;
				CLANG_WARN_SUSPICIOUS_MOVE = YES;
				CLANG_WARN_UNREACHABLE_CODE = YES;
				CLANG_WARN__DUPLICATE_METHOD_MATCH = YES;
				"CODE_SIGN_IDENTITY[sdk=iphoneos*]" = "iPhone Developer";
				COPY_PHASE_STRIP = NO;
				DEBUG_INFORMATION_FORMAT = dwarf;
				ENABLE_STRICT_OBJC_MSGSEND = YES;
				ENABLE_TESTABILITY = YES;
				GCC_C_LANGUAGE_STANDARD = gnu99;
				GCC_DYNAMIC_NO_PIC = NO;
				GCC_NO_COMMON_BLOCKS = YES;
				GCC_OPTIMIZATION_LEVEL = 0;
				GCC_PREPROCESSOR_DEFINITIONS = (
					"DEBUG=1",
					"$(inherited)",
				);
				GCC_WARN_64_TO_32_BIT_CONVERSION = YES;
				GCC_WARN_ABOUT_RETURN_TYPE = YES_ERROR;
				GCC_WARN_UNDECLARED_SELECTOR = YES;
				GCC_WARN_UNINITIALIZED_AUTOS = YES_AGGRESSIVE;
				GCC_WARN_UNUSED_FUNCTION = YES;
				GCC_WARN_UNUSED_VARIABLE = YES;
				IPHONEOS_DEPLOYMENT_TARGET = 10.3;
				MTL_ENABLE_DEBUG_INFO = YES;
				ONLY_ACTIVE_ARCH = YES;
				SDKROOT = iphoneos;
				SWIFT_ACTIVE_COMPILATION_CONDITIONS = DEBUG;
				SWIFT_OPTIMIZATION_LEVEL = "-Onone";
				TARGETED_DEVICE_FAMILY = "1,2";
			};
			name = Debug;
		};
		049303AF1F7E2EB200FC8A26 /* Release */ = {
			isa = XCBuildConfiguration;
			buildSettings = {
				ALWAYS_SEARCH_USER_PATHS = NO;
				CLANG_ANALYZER_NONNULL = YES;
				CLANG_ANALYZER_NUMBER_OBJECT_CONVERSION = YES_AGGRESSIVE;
				CLANG_CXX_LANGUAGE_STANDARD = "gnu++0x";
				CLANG_CXX_LIBRARY = "libc++";
				CLANG_ENABLE_MODULES = YES;
				CLANG_ENABLE_OBJC_ARC = YES;
				CLANG_WARN_BOOL_CONVERSION = YES;
				CLANG_WARN_CONSTANT_CONVERSION = YES;
				CLANG_WARN_DIRECT_OBJC_ISA_USAGE = YES_ERROR;
				CLANG_WARN_DOCUMENTATION_COMMENTS = YES;
				CLANG_WARN_EMPTY_BODY = YES;
				CLANG_WARN_ENUM_CONVERSION = YES;
				CLANG_WARN_INFINITE_RECURSION = YES;
				CLANG_WARN_INT_CONVERSION = YES;
				CLANG_WARN_OBJC_ROOT_CLASS = YES_ERROR;
				CLANG_WARN_SUSPICIOUS_MOVE = YES;
				CLANG_WARN_UNREACHABLE_CODE = YES;
				CLANG_WARN__DUPLICATE_METHOD_MATCH = YES;
				"CODE_SIGN_IDENTITY[sdk=iphoneos*]" = "iPhone Developer";
				COPY_PHASE_STRIP = NO;
				DEBUG_INFORMATION_FORMAT = "dwarf-with-dsym";
				ENABLE_NS_ASSERTIONS = NO;
				ENABLE_STRICT_OBJC_MSGSEND = YES;
				GCC_C_LANGUAGE_STANDARD = gnu99;
				GCC_NO_COMMON_BLOCKS = YES;
				GCC_WARN_64_TO_32_BIT_CONVERSION = YES;
				GCC_WARN_ABOUT_RETURN_TYPE = YES_ERROR;
				GCC_WARN_UNDECLARED_SELECTOR = YES;
				GCC_WARN_UNINITIALIZED_AUTOS = YES_AGGRESSIVE;
				GCC_WARN_UNUSED_FUNCTION = YES;
				GCC_WARN_UNUSED_VARIABLE = YES;
				IPHONEOS_DEPLOYMENT_TARGET = 10.3;
				MTL_ENABLE_DEBUG_INFO = NO;
				SDKROOT = iphoneos;
				SWIFT_OPTIMIZATION_LEVEL = "-Owholemodule";
				TARGETED_DEVICE_FAMILY = "1,2";
				VALIDATE_PRODUCT = YES;
			};
			name = Release;
		};
		049303B11F7E2EB200FC8A26 /* Debug */ = {
			isa = XCBuildConfiguration;
			buildSettings = {
				ASSETCATALOG_COMPILER_APPICON_NAME = AppIcon;
				DEVELOPMENT_TEAM = TCXDV82S97;
				INFOPLIST_FILE = samplePushNotification/Info.plist;
				LD_RUNPATH_SEARCH_PATHS = "$(inherited) @executable_path/Frameworks";
				PRODUCT_BUNDLE_IDENTIFIER = jp.sc113064.samplePushNotification;
				PRODUCT_NAME = "$(TARGET_NAME)";
				SWIFT_VERSION = 3.0;
			};
			name = Debug;
		};
		049303B21F7E2EB200FC8A26 /* Release */ = {
			isa = XCBuildConfiguration;
			buildSettings = {
				ASSETCATALOG_COMPILER_APPICON_NAME = AppIcon;
				DEVELOPMENT_TEAM = TCXDV82S97;
				INFOPLIST_FILE = samplePushNotification/Info.plist;
				LD_RUNPATH_SEARCH_PATHS = "$(inherited) @executable_path/Frameworks";
				PRODUCT_BUNDLE_IDENTIFIER = jp.sc113064.samplePushNotification;
				PRODUCT_NAME = "$(TARGET_NAME)";
				SWIFT_VERSION = 3.0;
			};
			name = Release;
		};
/* End XCBuildConfiguration section */

/* Begin XCConfigurationList section */
		049303991F7E2EB200FC8A26 /* Build configuration list for PBXProject "samplePushNotification" */ = {
			isa = XCConfigurationList;
			buildConfigurations = (
				049303AE1F7E2EB200FC8A26 /* Debug */,
				049303AF1F7E2EB200FC8A26 /* Release */,
			);
			defaultConfigurationIsVisible = 0;
			defaultConfigurationName = Release;
		};
		049303B01F7E2EB200FC8A26 /* Build configuration list for PBXNativeTarget "samplePushNotification" */ = {
			isa = XCConfigurationList;
			buildConfigurations = (
				049303B11F7E2EB200FC8A26 /* Debug */,
				049303B21F7E2EB200FC8A26 /* Release */,
			);
			defaultConfigurationIsVisible = 0;
		};
/* End XCConfigurationList section */
	};
	rootObject = 049303961F7E2EB200FC8A26 /* Project object */;
}
